{
  "name": "markov-node",
  "version": "1.0.0",
  "lockfileVersion": 3,
  "requires": true,
  "packages": {
    "": {
      "name": "markov-node",
      "version": "1.0.0",
      "license": "ISC",
      "dependencies": {
        "@tonejs/midi": "^2.0.28",
        "midi": "^2.0.0",
        "prompt-sync": "^4.2.0"
      },
      "devDependencies": {
        "@types/midi": "^2.0.3",
        "@types/node": "^22.15.29",
        "@types/prompt-sync": "^4.2.3"
      }
    },
    "node_modules/@tonejs/midi": {
      "version": "2.0.28",
      "resolved": "https://registry.npmjs.org/@tonejs/midi/-/midi-2.0.28.tgz",
      "integrity": "sha512-RII6YpInPsOZ5t3Si/20QKpNqB1lZ2OCFJSOzJxz38YdY/3zqDr3uaml4JuCWkdixuPqP1/TBnXzhQ39csyoVg==",
      "license": "MIT",
      "dependencies": {
        "array-flatten": "^3.0.0",
        "midi-file": "^1.2.2"
      }
    },
    "node_modules/@types/midi": {
      "version": "2.0.3",
      "resolved": "https://registry.npmjs.org/@types/midi/-/midi-2.0.3.tgz",
      "integrity": "sha512-pWHbPU2FDq+ice7cjhZOEH19UUi55qDkdRggRZHy+1HKmYBRVZjaUBZofI0umL93PWif3Xr9EVwpmyUp1ecQnQ==",
      "dev": true,
      "license": "MIT",
      "dependencies": {
        "@types/node": "*"
      }
    },
    "node_modules/@types/node": {
      "version": "22.15.29",
      "resolved": "https://registry.npmjs.org/@types/node/-/node-22.15.29.tgz",
      "integrity": "sha512-LNdjOkUDlU1RZb8e1kOIUpN1qQUlzGkEtbVNo53vbrwDg5om6oduhm4SiUaPW5ASTXhAiP0jInWG8Qx9fVlOeQ==",
      "dev": true,
      "license": "MIT",
      "dependencies": {
        "undici-types": "~6.21.0"
      }
    },
    "node_modules/@types/prompt-sync": {
      "version": "4.2.3",
      "resolved": "https://registry.npmjs.org/@types/prompt-sync/-/prompt-sync-4.2.3.tgz",
      "integrity": "sha512-Ox77gCSx0YyeakGt/qfOZUSFNSSi+sh3ABoGOiCwiO2KODx492BJnUm9oIXS+AHJtqp12iM4RduY6viTJ9bYwA==",
      "dev": true,
      "license": "MIT"
    },
    "node_modules/ansi-regex": {
      "version": "4.1.1",
      "resolved": "https://registry.npmjs.org/ansi-regex/-/ansi-regex-4.1.1.tgz",
      "integrity": "sha512-ILlv4k/3f6vfQ4OoP2AGvirOktlQ98ZEL1k9FaQjxa3L1abBgbuTDAdPOpvbGncC0BTVQrl+OM8xZGK6tWXt7g==",
      "license": "MIT",
      "engines": {
        "node": ">=6"
      }
    },
    "node_modules/array-flatten": {
      "version": "3.0.0",
      "resolved": "https://registry.npmjs.org/array-flatten/-/array-flatten-3.0.0.tgz",
      "integrity": "sha512-zPMVc3ZYlGLNk4mpK1NzP2wg0ml9t7fUgDsayR5Y5rSzxQilzR9FGu/EH2jQOcKSAeAfWeylyW8juy3OkWRvNA==",
      "license": "MIT"
    },
    "node_modules/bindings": {
      "version": "1.5.0",
      "resolved": "https://registry.npmjs.org/bindings/-/bindings-1.5.0.tgz",
      "integrity": "sha512-p2q/t/mhvuOj/UeLlV6566GD/guowlr0hHxClI0W9m7MWYkL1F0hLo+0Aexs9HSPCtR1SXQ0TD3MMKrXZajbiQ==",
      "license": "MIT",
      "dependencies": {
        "file-uri-to-path": "1.0.0"
      }
    },
    "node_modules/file-uri-to-path": {
      "version": "1.0.0",
      "resolved": "https://registry.npmjs.org/file-uri-to-path/-/file-uri-to-path-1.0.0.tgz",
      "integrity": "sha512-0Zt+s3L7Vf1biwWZ29aARiVYLx7iMGnEUl9x33fbB/j3jR81u/O2LbqK+Bm1CDSNDKVtJ/YjwY7TUd5SkeLQLw==",
      "license": "MIT"
    },
    "node_modules/midi": {
      "version": "2.0.0",
      "resolved": "https://registry.npmjs.org/midi/-/midi-2.0.0.tgz",
      "integrity": "sha512-HyCLWa+ET8Aqfu/NxdNkxfCx0EfCJrcZgKuhrY4c9UgkfxRt3ChM7RP1oC5vJf7ALXyuAG47jqr5yUlvSodTPQ==",
      "hasInstallScript": true,
      "license": "MIT",
      "dependencies": {
        "bindings": "~1.5.0",
        "nan": "^2.14.2"
      },
      "engines": {
        "node": ">=10"
      }
    },
    "node_modules/midi-file": {
      "version": "1.2.4",
      "resolved": "https://registry.npmjs.org/midi-file/-/midi-file-1.2.4.tgz",
      "integrity": "sha512-B5SnBC6i2bwJIXTY9MElIydJwAmnKx+r5eJ1jknTLetzLflEl0GWveuBB6ACrQpecSRkOB6fhTx1PwXk2BVxnA==",
      "license": "MIT"
    },
    "node_modules/nan": {
      "version": "2.22.2",
      "resolved": "https://registry.npmjs.org/nan/-/nan-2.22.2.tgz",
      "integrity": "sha512-DANghxFkS1plDdRsX0X9pm0Z6SJNN6gBdtXfanwoZ8hooC5gosGFSBGRYHUVPz1asKA/kMRqDRdHrluZ61SpBQ==",
      "license": "MIT"
    },
    "node_modules/prompt-sync": {
      "version": "4.2.0",
      "resolved": "https://registry.npmjs.org/prompt-sync/-/prompt-sync-4.2.0.tgz",
      "integrity": "sha512-BuEzzc5zptP5LsgV5MZETjDaKSWfchl5U9Luiu8SKp7iZWD5tZalOxvNcZRwv+d2phNFr8xlbxmFNcRKfJOzJw==",
      "license": "MIT",
      "dependencies": {
        "strip-ansi": "^5.0.0"
      }
    },
    "node_modules/strip-ansi": {
      "version": "5.2.0",
      "resolved": "https://registry.npmjs.org/strip-ansi/-/strip-ansi-5.2.0.tgz",
      "integrity": "sha512-DuRs1gKbBqsMKIZlrffwlug8MHkcnpjs5VPmL1PAh+mA30U0DTotfDZ0d2UUsXpPmPmMMJ6W773MaA3J+lbiWA==",
      "license": "MIT",
      "dependencies": {
        "ansi-regex": "^4.1.0"
      },
      "engines": {
        "node": ">=6"
      }
    },
    "node_modules/undici-types": {
      "version": "6.21.0",
      "resolved": "https://registry.npmjs.org/undici-types/-/undici-types-6.21.0.tgz",
      "integrity": "sha512-iwDZqg0QAGrg9Rav5H4n0M64c3mkR59cJ6wQp+7C4nI0gsmExaedaYLNO44eT4AtBBwjbTiGPMlt2Md0T9H9JQ==",
      "dev": true,
      "license": "MIT"
    }
  }
}
